
Microsoft Visual Studio Solution File, Format Version 12.00
# Visual Studio 15
VisualStudioVersion = 15.0.28307.136
MinimumVisualStudioVersion = 10.0.40219.1
Project("{FAE04EC0-301F-11D3-BF4B-00C04F79EFBC}") = "UrlsAndRoutes", "UrlsAndRoutes\UrlsAndRoutes.csproj", "{14975950-A308-45C0-A49F-0EDAB5273703}"
EndProject
Project("{FAE04EC0-301F-11D3-BF4B-00C04F79EFBC}") = "UrlsAndRoutes.Tests", "UrlsAndRoutes.Tests\UrlsAndRoutes.Tests.csproj", "{78DFDB8A-AD83-440E-9499-2A2C6D4696E7}"
EndProject
Project("{FAE04EC0-301F-11D3-BF4B-00C04F79EFBC}") = "UrlsAndRoutes.Tests.UVD", "TestsInUVD\UrlsAndRoutes.Tests.UVD.csproj", "{A3FFE4AD-3D7A-432A-9A50-7E2826787443}"
EndProject
Project("{FAE04EC0-301F-11D3-BF4B-00C04F79EFBC}") = "2_Views", "2_Views\2_Views.csproj", "{71E8315D-056C-4F43-B3C2-ABE6EF1B6CEB}"
EndProject
Project("{FAE04EC0-301F-11D3-BF4B-00C04F79EFBC}") = "2_1_Views", "2_1_Views\2_1_Views.csproj", "{3B9C239A-7A8E-418A-8C6F-41009D1F7C1E}"
EndProject
Project("{FAE04EC0-301F-11D3-BF4B-00C04F79EFBC}") = "4_Controllers", "4_Controllers\4_Controllers.csproj", "{B674F1B7-8590-40D8-AB15-72C7F7D1C885}"
EndProject
Project("{FAE04EC0-301F-11D3-BF4B-00C04F79EFBC}") = "5_Helpers", "5_Helpers\5_Helpers.csproj", "{EDC7F3AD-2912-4B52-997C-B19D0826BF55}"
EndProject
Project("{FAE04EC0-301F-11D3-BF4B-00C04F79EFBC}") = "TestBundle", "TestBundle\TestBundle.csproj", "{1E4E6A05-67C9-403A-ADE2-92557BC1E2C2}"
EndProject
Project("{FAE04EC0-301F-11D3-BF4B-00C04F79EFBC}") = "5_Model", "5_Model\5_Model.csproj", "{A3DAEC35-D493-4942-8263-4CD3DCFC3CE3}"
EndProject
Global
	GlobalSection(SolutionConfigurationPlatforms) = preSolution
		Debug|Any CPU = Debug|Any CPU
		Release|Any CPU = Release|Any CPU
	EndGlobalSection
	GlobalSection(ProjectConfigurationPlatforms) = postSolution
		{14975950-A308-45C0-A49F-0EDAB5273703}.Debug|Any CPU.ActiveCfg = Debug|Any CPU
		{14975950-A308-45C0-A49F-0EDAB5273703}.Debug|Any CPU.Build.0 = Debug|Any CPU
		{14975950-A308-45C0-A49F-0EDAB5273703}.Release|Any CPU.ActiveCfg = Release|Any CPU
		{14975950-A308-45C0-A49F-0EDAB5273703}.Release|Any CPU.Build.0 = Release|Any CPU
		{78DFDB8A-AD83-440E-9499-2A2C6D4696E7}.Debug|Any CPU.ActiveCfg = Debug|Any CPU
		{78DFDB8A-AD83-440E-9499-2A2C6D4696E7}.Debug|Any CPU.Build.0 = Debug|Any CPU
		{78DFDB8A-AD83-440E-9499-2A2C6D4696E7}.Release|Any CPU.ActiveCfg = Release|Any CPU
		{78DFDB8A-AD83-440E-9499-2A2C6D4696E7}.Release|Any CPU.Build.0 = Release|Any CPU
		{A3FFE4AD-3D7A-432A-9A50-7E2826787443}.Debug|Any CPU.ActiveCfg = Debug|Any CPU
		{A3FFE4AD-3D7A-432A-9A50-7E2826787443}.Debug|Any CPU.Build.0 = Debug|Any CPU
		{A3FFE4AD-3D7A-432A-9A50-7E2826787443}.Release|Any CPU.ActiveCfg = Release|Any CPU
		{A3FFE4AD-3D7A-432A-9A50-7E2826787443}.Release|Any CPU.Build.0 = Release|Any CPU
		{71E8315D-056C-4F43-B3C2-ABE6EF1B6CEB}.Debug|Any CPU.ActiveCfg = Debug|Any CPU
		{71E8315D-056C-4F43-B3C2-ABE6EF1B6CEB}.Debug|Any CPU.Build.0 = Debug|Any CPU
		{71E8315D-056C-4F43-B3C2-ABE6EF1B6CEB}.Release|Any CPU.ActiveCfg = Release|Any CPU
		{71E8315D-056C-4F43-B3C2-ABE6EF1B6CEB}.Release|Any CPU.Build.0 = Release|Any CPU
		{3B9C239A-7A8E-418A-8C6F-41009D1F7C1E}.Debug|Any CPU.ActiveCfg = Debug|Any CPU
		{3B9C239A-7A8E-418A-8C6F-41009D1F7C1E}.Debug|Any CPU.Build.0 = Debug|Any CPU
		{3B9C239A-7A8E-418A-8C6F-41009D1F7C1E}.Release|Any CPU.ActiveCfg = Release|Any CPU
		{3B9C239A-7A8E-418A-8C6F-41009D1F7C1E}.Release|Any CPU.Build.0 = Release|Any CPU
		{B674F1B7-8590-40D8-AB15-72C7F7D1C885}.Debug|Any CPU.ActiveCfg = Debug|Any CPU
		{B674F1B7-8590-40D8-AB15-72C7F7D1C885}.Debug|Any CPU.Build.0 = Debug|Any CPU
		{B674F1B7-8590-40D8-AB15-72C7F7D1C885}.Release|Any CPU.ActiveCfg = Release|Any CPU
		{B674F1B7-8590-40D8-AB15-72C7F7D1C885}.Release|Any CPU.Build.0 = Release|Any CPU
		{EDC7F3AD-2912-4B52-997C-B19D0826BF55}.Debug|Any CPU.ActiveCfg = Debug|Any CPU
		{EDC7F3AD-2912-4B52-997C-B19D0826BF55}.Debug|Any CPU.Build.0 = Debug|Any CPU
		{EDC7F3AD-2912-4B52-997C-B19D0826BF55}.Release|Any CPU.ActiveCfg = Release|Any CPU
		{EDC7F3AD-2912-4B52-997C-B19D0826BF55}.Release|Any CPU.Build.0 = Release|Any CPU
		{1E4E6A05-67C9-403A-ADE2-92557BC1E2C2}.Debug|Any CPU.ActiveCfg = Debug|Any CPU
		{1E4E6A05-67C9-403A-ADE2-92557BC1E2C2}.Debug|Any CPU.Build.0 = Debug|Any CPU
		{1E4E6A05-67C9-403A-ADE2-92557BC1E2C2}.Release|Any CPU.ActiveCfg = Release|Any CPU
		{1E4E6A05-67C9-403A-ADE2-92557BC1E2C2}.Release|Any CPU.Build.0 = Release|Any CPU
		{A3DAEC35-D493-4942-8263-4CD3DCFC3CE3}.Debug|Any CPU.ActiveCfg = Debug|Any CPU
		{A3DAEC35-D493-4942-8263-4CD3DCFC3CE3}.Debug|Any CPU.Build.0 = Debug|Any CPU
		{A3DAEC35-D493-4942-8263-4CD3DCFC3CE3}.Release|Any CPU.ActiveCfg = Release|Any CPU
		{A3DAEC35-D493-4942-8263-4CD3DCFC3CE3}.Release|Any CPU.Build.0 = Release|Any CPU
	EndGlobalSection
	GlobalSection(SolutionProperties) = preSolution
		HideSolutionNode = FALSE
	EndGlobalSection
	GlobalSection(ExtensibilityGlobals) = postSolution
		SolutionGuid = {9B98F8A8-DB1A-4E91-B2A5-621E4DAC5E92}
	EndGlobalSection
EndGlobal
