
Microsoft Visual Studio Solution File, Format Version 12.00
# Visual Studio 15
VisualStudioVersion = 15.0.28307.136
MinimumVisualStudioVersion = 10.0.40219.1
Project("{FAE04EC0-301F-11D3-BF4B-00C04F79EFBC}") = "UrlsAndRoutes", "UrlsAndRoutes\UrlsAndRoutes.csproj", "{14975950-A308-45C0-A49F-0EDAB5273703}"
EndProject
Project("{FAE04EC0-301F-11D3-BF4B-00C04F79EFBC}") = "UrlsAndRoutes.Tests", "UrlsAndRoutes.Tests\UrlsAndRoutes.Tests.csproj", "{78DFDB8A-AD83-440E-9499-2A2C6D4696E7}"
EndProject
Project("{FAE04EC0-301F-11D3-BF4B-00C04F79EFBC}") = "UrlsAndRoutes.Tests.UVD", "TestsInUVD\UrlsAndRoutes.Tests.UVD.csproj", "{A3FFE4AD-3D7A-432A-9A50-7E2826787443}"
EndProject
Project("{FAE04EC0-301F-11D3-BF4B-00C04F79EFBC}") = "2_Views", "2_Views\2_Views.csproj", "{71E8315D-056C-4F43-B3C2-ABE6EF1B6CEB}"
EndProject
Global
	GlobalSection(SolutionConfigurationPlatforms) = preSolution
		Debug|Any CPU = Debug|Any CPU
		Release|Any CPU = Release|Any CPU
	EndGlobalSection
	GlobalSection(ProjectConfigurationPlatforms) = postSolution
		{14975950-A308-45C0-A49F-0EDAB5273703}.Debug|Any CPU.ActiveCfg = Debug|Any CPU
		{14975950-A308-45C0-A49F-0EDAB5273703}.Debug|Any CPU.Build.0 = Debug|Any CPU
		{14975950-A308-45C0-A49F-0EDAB5273703}.Release|Any CPU.ActiveCfg = Release|Any CPU
		{14975950-A308-45C0-A49F-0EDAB5273703}.Release|Any CPU.Build.0 = Release|Any CPU
		{78DFDB8A-AD83-440E-9499-2A2C6D4696E7}.Debug|Any CPU.ActiveCfg = Debug|Any CPU
		{78DFDB8A-AD83-440E-9499-2A2C6D4696E7}.Debug|Any CPU.Build.0 = Debug|Any CPU
		{78DFDB8A-AD83-440E-9499-2A2C6D4696E7}.Release|Any CPU.ActiveCfg = Release|Any CPU
		{78DFDB8A-AD83-440E-9499-2A2C6D4696E7}.Release|Any CPU.Build.0 = Release|Any CPU
		{A3FFE4AD-3D7A-432A-9A50-7E2826787443}.Debug|Any CPU.ActiveCfg = Debug|Any CPU
		{A3FFE4AD-3D7A-432A-9A50-7E2826787443}.Debug|Any CPU.Build.0 = Debug|Any CPU
		{A3FFE4AD-3D7A-432A-9A50-7E2826787443}.Release|Any CPU.ActiveCfg = Release|Any CPU
		{A3FFE4AD-3D7A-432A-9A50-7E2826787443}.Release|Any CPU.Build.0 = Release|Any CPU
		{71E8315D-056C-4F43-B3C2-ABE6EF1B6CEB}.Debug|Any CPU.ActiveCfg = Debug|Any CPU
		{71E8315D-056C-4F43-B3C2-ABE6EF1B6CEB}.Debug|Any CPU.Build.0 = Debug|Any CPU
		{71E8315D-056C-4F43-B3C2-ABE6EF1B6CEB}.Release|Any CPU.ActiveCfg = Release|Any CPU
		{71E8315D-056C-4F43-B3C2-ABE6EF1B6CEB}.Release|Any CPU.Build.0 = Release|Any CPU
	EndGlobalSection
	GlobalSection(SolutionProperties) = preSolution
		HideSolutionNode = FALSE
	EndGlobalSection
	GlobalSection(ExtensibilityGlobals) = postSolution
		SolutionGuid = {9B98F8A8-DB1A-4E91-B2A5-621E4DAC5E92}
	EndGlobalSection
EndGlobal
